<?xml version="1.0" encoding="utf-8"?>
<Project ToolsVersion="4.0" xmlns="http://schemas.microsoft.com/developer/msbuild/2003">
  <ItemGroup>
    <Filter Include="Source Files">
      <UniqueIdentifier>{4FC737F1-C7A5-4376-A066-2A32D752A2FF}</UniqueIdentifier>
      <Extensions>cpp;c;cc;cxx;def;odl;idl;hpj;bat;asm;asmx</Extensions>
    </Filter>
    <Filter Include="Header Files">
      <UniqueIdentifier>{93995380-89BD-4b04-88EB-625FBE52EBFB}</UniqueIdentifier>
      <Extensions>h;hh;hpp;hxx;hm;inl;inc;xsd</Extensions>
    </Filter>
    <Filter Include="Resource Files">
      <UniqueIdentifier>{67DA6AB6-F800-4c08-8B7A-83BB121AAD01}</UniqueIdentifier>
      <Extensions>rc;ico;cur;bmp;dlg;rc2;rct;bin;rgs;gif;jpg;jpeg;jpe;resx;tiff;tif;png;wav;mfcribbon-ms</Extensions>
    </Filter>
    <Filter Include="Header Files\utils">
      <UniqueIdentifier>{c3b0a972-967f-4a2b-aeee-2cbef963f483}</UniqueIdentifier>
    </Filter>
    <Filter Include="Source Files\utils">
      <UniqueIdentifier>{dd19a5f1-98fe-46de-9d39-b5fdd7f2b9eb}</UniqueIdentifier>
    </Filter>
    <Filter Include="Header Files\tree">
      <UniqueIdentifier>{a4add923-a631-4970-89a1-0017f1ecd8c3}</UniqueIdentifier>
    </Filter>
    <Filter Include="Source Files\tree">
      <UniqueIdentifier>{a733977d-cd17-4edd-9604-235720e9d679}</UniqueIdentifier>
    </Filter>
    <Filter Include="Source Files\check">
      <UniqueIdentifier>{43f9ed4f-719f-4078-851b-58ded6ff7547}</UniqueIdentifier>
    </Filter>
    <Filter Include="Header Files\check">
      <UniqueIdentifier>{67f151c2-061a-45d8-ad51-84bdb71894ac}</UniqueIdentifier>
    </Filter>
  </ItemGroup>
  <ItemGroup>
    <ClInclude Include="utils\log.h">
      <Filter>Header Files\utils</Filter>
    </ClInclude>
    <ClInclude Include="utils\random.h">
      <Filter>Header Files\utils</Filter>
    </ClInclude>
    <ClInclude Include="utils\config.h">
      <Filter>Header Files\utils</Filter>
    </ClInclude>
    <ClInclude Include="tree\param.h">
      <Filter>Header Files\tree</Filter>
    </ClInclude>
    <ClInclude Include="tree\feature_label.h">
      <Filter>Header Files\tree</Filter>
    </ClInclude>
    <ClInclude Include="tree\criterion.h">
      <Filter>Header Files\tree</Filter>
    </ClInclude>
    <ClInclude Include="utils\yuki.h">
      <Filter>Header Files\utils</Filter>
    </ClInclude>
    <ClInclude Include="Sample\check.h">
      <Filter>Header Files\check</Filter>
    </ClInclude>
    <ClInclude Include="tree\splitter.h">
      <Filter>Header Files\tree</Filter>
    </ClInclude>
    <ClInclude Include="tree\tree.h">
      <Filter>Header Files\tree</Filter>
    </ClInclude>
  </ItemGroup>
  <ItemGroup>
    <ClCompile Include="utils\log.cpp">
      <Filter>Source Files\utils</Filter>
    </ClCompile>
    <ClCompile Include="utils\config.cpp">
      <Filter>Source Files\utils</Filter>
    </ClCompile>
    <ClCompile Include="main.cpp">
      <Filter>Source Files</Filter>
    </ClCompile>
    <ClCompile Include="tree\param.cpp">
      <Filter>Source Files\tree</Filter>
    </ClCompile>
    <ClCompile Include="tree\feature_label.cpp">
      <Filter>Source Files\tree</Filter>
    </ClCompile>
    <ClCompile Include="tree\criterion.cpp">
      <Filter>Source Files\tree</Filter>
    </ClCompile>
    <ClCompile Include="Sample\check.cpp">
      <Filter>Source Files\check</Filter>
    </ClCompile>
    <ClCompile Include="tree\splitter.cpp">
      <Filter>Source Files\tree</Filter>
    </ClCompile>
    <ClCompile Include="tree\tree.cpp">
      <Filter>Source Files\tree</Filter>
    </ClCompile>
  </ItemGroup>
</Project>